// !$*UTF8*$!
{
	archiveVersion = 1;
	classes = {
	};
	objectVersion = 56;
	objects = {

/* Begin PBXBuildFile section */
		1682D12E29DBE4FE005E3C60 /* AppDelegate.swift in Sources */ = {isa = PBXBuildFile; fileRef = 1682D12D29DBE4FE005E3C60 /* AppDelegate.swift */; };
		1682D13029DBE4FE005E3C60 /* SceneDelegate.swift in Sources */ = {isa = PBXBuildFile; fileRef = 1682D12F29DBE4FE005E3C60 /* SceneDelegate.swift */; };
		1682D13229DBE4FE005E3C60 /* HomeViewController.swift in Sources */ = {isa = PBXBuildFile; fileRef = 1682D13129DBE4FE005E3C60 /* HomeViewController.swift */; };
		1682D13729DBE500005E3C60 /* Assets.xcassets in Resources */ = {isa = PBXBuildFile; fileRef = 1682D13629DBE500005E3C60 /* Assets.xcassets */; };
		1682D13A29DBE500005E3C60 /* LaunchScreen.storyboard in Resources */ = {isa = PBXBuildFile; fileRef = 1682D13829DBE500005E3C60 /* LaunchScreen.storyboard */; };
		1682D14729DBE567005E3C60 /* ChatViewController.swift in Sources */ = {isa = PBXBuildFile; fileRef = 1682D14629DBE567005E3C60 /* ChatViewController.swift */; };
		1682D14929DBE570005E3C60 /* ProfileViewController.swift in Sources */ = {isa = PBXBuildFile; fileRef = 1682D14829DBE570005E3C60 /* ProfileViewController.swift */; };
		1682D15029DBE989005E3C60 /* LoginViewController.swift in Sources */ = {isa = PBXBuildFile; fileRef = 1682D14F29DBE989005E3C60 /* LoginViewController.swift */; };
		1682D15229DBE996005E3C60 /* RegistrationViewController.swift in Sources */ = {isa = PBXBuildFile; fileRef = 1682D15129DBE996005E3C60 /* RegistrationViewController.swift */; };
		1682D15429DBE9C5005E3C60 /* DirectMessageViewController.swift in Sources */ = {isa = PBXBuildFile; fileRef = 1682D15329DBE9C5005E3C60 /* DirectMessageViewController.swift */; };
		1682D15629DBE9E0005E3C60 /* EditProfileViewController.swift in Sources */ = {isa = PBXBuildFile; fileRef = 1682D15529DBE9E0005E3C60 /* EditProfileViewController.swift */; };
		1682D15829DBE9E9005E3C60 /* SettingsViewController.swift in Sources */ = {isa = PBXBuildFile; fileRef = 1682D15729DBE9E9005E3C60 /* SettingsViewController.swift */; };
		1682D15A29DBEA09005E3C60 /* SearchViewController.swift in Sources */ = {isa = PBXBuildFile; fileRef = 1682D15929DBEA09005E3C60 /* SearchViewController.swift */; };
		1682D15C29DBEA1A005E3C60 /* ListViewController.swift in Sources */ = {isa = PBXBuildFile; fileRef = 1682D15B29DBEA1A005E3C60 /* ListViewController.swift */; };
		1682D15E29DBEA2F005E3C60 /* SearchResultViewController.swift in Sources */ = {isa = PBXBuildFile; fileRef = 1682D15D29DBEA2F005E3C60 /* SearchResultViewController.swift */; };
		1682D16029DBEB99005E3C60 /* PostViewController.swift in Sources */ = {isa = PBXBuildFile; fileRef = 1682D15F29DBEB99005E3C60 /* PostViewController.swift */; };
		1682D16229DBEBE8005E3C60 /* Main.storyboard in Resources */ = {isa = PBXBuildFile; fileRef = 1682D16129DBEBE8005E3C60 /* Main.storyboard */; };
/* End PBXBuildFile section */

/* Begin PBXFileReference section */
		1682D12A29DBE4FE005E3C60 /* pawnder.app */ = {isa = PBXFileReference; explicitFileType = wrapper.application; includeInIndex = 0; path = pawnder.app; sourceTree = BUILT_PRODUCTS_DIR; };
		1682D12D29DBE4FE005E3C60 /* AppDelegate.swift */ = {isa = PBXFileReference; lastKnownFileType = sourcecode.swift; path = AppDelegate.swift; sourceTree = "<group>"; };
		1682D12F29DBE4FE005E3C60 /* SceneDelegate.swift */ = {isa = PBXFileReference; lastKnownFileType = sourcecode.swift; path = SceneDelegate.swift; sourceTree = "<group>"; };
		1682D13129DBE4FE005E3C60 /* HomeViewController.swift */ = {isa = PBXFileReference; lastKnownFileType = sourcecode.swift; path = HomeViewController.swift; sourceTree = "<group>"; };
		1682D13629DBE500005E3C60 /* Assets.xcassets */ = {isa = PBXFileReference; lastKnownFileType = folder.assetcatalog; path = Assets.xcassets; sourceTree = "<group>"; };
		1682D13929DBE500005E3C60 /* Base */ = {isa = PBXFileReference; lastKnownFileType = file.storyboard; name = Base; path = Base.lproj/LaunchScreen.storyboard; sourceTree = "<group>"; };
		1682D13B29DBE500005E3C60 /* Info.plist */ = {isa = PBXFileReference; lastKnownFileType = text.plist.xml; path = Info.plist; sourceTree = "<group>"; };
		1682D14629DBE567005E3C60 /* ChatViewController.swift */ = {isa = PBXFileReference; lastKnownFileType = sourcecode.swift; path = ChatViewController.swift; sourceTree = "<group>"; };
		1682D14829DBE570005E3C60 /* ProfileViewController.swift */ = {isa = PBXFileReference; lastKnownFileType = sourcecode.swift; path = ProfileViewController.swift; sourceTree = "<group>"; };
		1682D14F29DBE989005E3C60 /* LoginViewController.swift */ = {isa = PBXFileReference; lastKnownFileType = sourcecode.swift; path = LoginViewController.swift; sourceTree = "<group>"; };
		1682D15129DBE996005E3C60 /* RegistrationViewController.swift */ = {isa = PBXFileReference; lastKnownFileType = sourcecode.swift; path = RegistrationViewController.swift; sourceTree = "<group>"; };
		1682D15329DBE9C5005E3C60 /* DirectMessageViewController.swift */ = {isa = PBXFileReference; lastKnownFileType = sourcecode.swift; path = DirectMessageViewController.swift; sourceTree = "<group>"; };
		1682D15529DBE9E0005E3C60 /* EditProfileViewController.swift */ = {isa = PBXFileReference; lastKnownFileType = sourcecode.swift; path = EditProfileViewController.swift; sourceTree = "<group>"; };
		1682D15729DBE9E9005E3C60 /* SettingsViewController.swift */ = {isa = PBXFileReference; lastKnownFileType = sourcecode.swift; path = SettingsViewController.swift; sourceTree = "<group>"; };
		1682D15929DBEA09005E3C60 /* SearchViewController.swift */ = {isa = PBXFileReference; lastKnownFileType = sourcecode.swift; path = SearchViewController.swift; sourceTree = "<group>"; };
		1682D15B29DBEA1A005E3C60 /* ListViewController.swift */ = {isa = PBXFileReference; lastKnownFileType = sourcecode.swift; path = ListViewController.swift; sourceTree = "<group>"; };
		1682D15D29DBEA2F005E3C60 /* SearchResultViewController.swift */ = {isa = PBXFileReference; lastKnownFileType = sourcecode.swift; path = SearchResultViewController.swift; sourceTree = "<group>"; };
		1682D15F29DBEB99005E3C60 /* PostViewController.swift */ = {isa = PBXFileReference; lastKnownFileType = sourcecode.swift; path = PostViewController.swift; sourceTree = "<group>"; };
		1682D16129DBEBE8005E3C60 /* Main.storyboard */ = {isa = PBXFileReference; lastKnownFileType = file.storyboard; path = Main.storyboard; sourceTree = "<group>"; };
/* End PBXFileReference section */

/* Begin PBXFrameworksBuildPhase section */
		1682D12729DBE4FE005E3C60 /* Frameworks */ = {
			isa = PBXFrameworksBuildPhase;
			buildActionMask = 2147483647;
			files = (
			);
			runOnlyForDeploymentPostprocessing = 0;
		};
/* End PBXFrameworksBuildPhase section */

/* Begin PBXGroup section */
		1682D12129DBE4FE005E3C60 = {
			isa = PBXGroup;
			children = (
				1682D12C29DBE4FE005E3C60 /* pawnder */,
				1682D12B29DBE4FE005E3C60 /* Products */,
			);
			sourceTree = "<group>";
		};
		1682D12B29DBE4FE005E3C60 /* Products */ = {
			isa = PBXGroup;
			children = (
				1682D12A29DBE4FE005E3C60 /* pawnder.app */,
			);
			name = Products;
			sourceTree = "<group>";
		};
		1682D12C29DBE4FE005E3C60 /* pawnder */ = {
			isa = PBXGroup;
			children = (
				1682D14329DBE51E005E3C60 /* Resources */,
				1682D14A29DBE74D005E3C60 /* Models */,
				1682D14229DBE518005E3C60 /* Views */,
				1682D14129DBE50F005E3C60 /* Controllers */,
				1682D13B29DBE500005E3C60 /* Info.plist */,
			);
			path = pawnder;
			sourceTree = "<group>";
		};
		1682D14129DBE50F005E3C60 /* Controllers */ = {
			isa = PBXGroup;
			children = (
				1682D14D29DBE968005E3C60 /* Other */,
				1682D14C29DBE950005E3C60 /* Core Tabs */,
			);
			path = Controllers;
			sourceTree = "<group>";
		};
		1682D14229DBE518005E3C60 /* Views */ = {
			isa = PBXGroup;
			children = (
				1682D14B29DBE794005E3C60 /* Storyboard */,
				1682D13629DBE500005E3C60 /* Assets.xcassets */,
			);
			path = Views;
			sourceTree = "<group>";
		};
		1682D14329DBE51E005E3C60 /* Resources */ = {
			isa = PBXGroup;
			children = (
				1682D12D29DBE4FE005E3C60 /* AppDelegate.swift */,
				1682D12F29DBE4FE005E3C60 /* SceneDelegate.swift */,
			);
			path = Resources;
			sourceTree = "<group>";
		};
		1682D14A29DBE74D005E3C60 /* Models */ = {
			isa = PBXGroup;
			children = (
			);
			path = Models;
			sourceTree = "<group>";
		};
		1682D14B29DBE794005E3C60 /* Storyboard */ = {
			isa = PBXGroup;
			children = (
				1682D13829DBE500005E3C60 /* LaunchScreen.storyboard */,
				1682D16129DBEBE8005E3C60 /* Main.storyboard */,
			);
			path = Storyboard;
			sourceTree = "<group>";
		};
		1682D14C29DBE950005E3C60 /* Core Tabs */ = {
			isa = PBXGroup;
			children = (
				1682D13129DBE4FE005E3C60 /* HomeViewController.swift */,
				1682D14629DBE567005E3C60 /* ChatViewController.swift */,
				1682D14829DBE570005E3C60 /* ProfileViewController.swift */,
			);
			path = "Core Tabs";
			sourceTree = "<group>";
		};
		1682D14D29DBE968005E3C60 /* Other */ = {
			isa = PBXGroup;
			children = (
				1682D14E29DBE976005E3C60 /* Onboarding */,
				1682D15329DBE9C5005E3C60 /* DirectMessageViewController.swift */,
				1682D15529DBE9E0005E3C60 /* EditProfileViewController.swift */,
				1682D15729DBE9E9005E3C60 /* SettingsViewController.swift */,
				1682D15929DBEA09005E3C60 /* SearchViewController.swift */,
				1682D15B29DBEA1A005E3C60 /* ListViewController.swift */,
				1682D15D29DBEA2F005E3C60 /* SearchResultViewController.swift */,
				1682D15F29DBEB99005E3C60 /* PostViewController.swift */,
			);
			path = Other;
			sourceTree = "<group>";
		};
		1682D14E29DBE976005E3C60 /* Onboarding */ = {
			isa = PBXGroup;
			children = (
				1682D14F29DBE989005E3C60 /* LoginViewController.swift */,
				1682D15129DBE996005E3C60 /* RegistrationViewController.swift */,
			);
			path = Onboarding;
			sourceTree = "<group>";
		};
/* End PBXGroup section */

/* Begin PBXNativeTarget section */
		1682D12929DBE4FE005E3C60 /* pawnder */ = {
			isa = PBXNativeTarget;
			buildConfigurationList = 1682D13E29DBE500005E3C60 /* Build configuration list for PBXNativeTarget "pawnder" */;
			buildPhases = (
				1682D12629DBE4FE005E3C60 /* Sources */,
				1682D12729DBE4FE005E3C60 /* Frameworks */,
				1682D12829DBE4FE005E3C60 /* Resources */,
			);
			buildRules = (
			);
			dependencies = (
			);
			name = pawnder;
			productName = pawnder;
			productReference = 1682D12A29DBE4FE005E3C60 /* pawnder.app */;
			productType = "com.apple.product-type.application";
		};
/* End PBXNativeTarget section */

/* Begin PBXProject section */
		1682D12229DBE4FE005E3C60 /* Project object */ = {
			isa = PBXProject;
			attributes = {
				BuildIndependentTargetsInParallel = 1;
				LastSwiftUpdateCheck = 1430;
				LastUpgradeCheck = 1430;
				TargetAttributes = {
					1682D12929DBE4FE005E3C60 = {
						CreatedOnToolsVersion = 14.3;
					};
				};
			};
			buildConfigurationList = 1682D12529DBE4FE005E3C60 /* Build configuration list for PBXProject "pawnder" */;
			compatibilityVersion = "Xcode 14.0";
			developmentRegion = en;
			hasScannedForEncodings = 0;
			knownRegions = (
				en,
				Base,
			);
			mainGroup = 1682D12129DBE4FE005E3C60;
			productRefGroup = 1682D12B29DBE4FE005E3C60 /* Products */;
			projectDirPath = "";
			projectRoot = "";
			targets = (
				1682D12929DBE4FE005E3C60 /* pawnder */,
			);
		};
/* End PBXProject section */

/* Begin PBXResourcesBuildPhase section */
		1682D12829DBE4FE005E3C60 /* Resources */ = {
			isa = PBXResourcesBuildPhase;
			buildActionMask = 2147483647;
			files = (
				1682D16229DBEBE8005E3C60 /* Main.storyboard in Resources */,
				1682D13A29DBE500005E3C60 /* LaunchScreen.storyboard in Resources */,
				1682D13729DBE500005E3C60 /* Assets.xcassets in Resources */,
			);
			runOnlyForDeploymentPostprocessing = 0;
		};
/* End PBXResourcesBuildPhase section */

/* Begin PBXSourcesBuildPhase section */
		1682D12629DBE4FE005E3C60 /* Sources */ = {
			isa = PBXSourcesBuildPhase;
			buildActionMask = 2147483647;
			files = (
				1682D15029DBE989005E3C60 /* LoginViewController.swift in Sources */,
				1682D15A29DBEA09005E3C60 /* SearchViewController.swift in Sources */,
				1682D16029DBEB99005E3C60 /* PostViewController.swift in Sources */,
				1682D15C29DBEA1A005E3C60 /* ListViewController.swift in Sources */,
				1682D15429DBE9C5005E3C60 /* DirectMessageViewController.swift in Sources */,
				1682D14929DBE570005E3C60 /* ProfileViewController.swift in Sources */,
				1682D15829DBE9E9005E3C60 /* SettingsViewController.swift in Sources */,
				1682D13229DBE4FE005E3C60 /* HomeViewController.swift in Sources */,
				1682D12E29DBE4FE005E3C60 /* AppDelegate.swift in Sources */,
				1682D15229DBE996005E3C60 /* RegistrationViewController.swift in Sources */,
				1682D13029DBE4FE005E3C60 /* SceneDelegate.swift in Sources */,
				1682D14729DBE567005E3C60 /* ChatViewController.swift in Sources */,
				1682D15E29DBEA2F005E3C60 /* SearchResultViewController.swift in Sources */,
				1682D15629DBE9E0005E3C60 /* EditProfileViewController.swift in Sources */,
			);
			runOnlyForDeploymentPostprocessing = 0;
		};
/* End PBXSourcesBuildPhase section */

/* Begin PBXVariantGroup section */
		1682D13829DBE500005E3C60 /* LaunchScreen.storyboard */ = {
			isa = PBXVariantGroup;
			children = (
				1682D13929DBE500005E3C60 /* Base */,
			);
			name = LaunchScreen.storyboard;
			sourceTree = "<group>";
		};
/* End PBXVariantGroup section */

/* Begin XCBuildConfiguration section */
		1682D13C29DBE500005E3C60 /* Debug */ = {
			isa = XCBuildConfiguration;
			buildSettings = {
				ALWAYS_SEARCH_USER_PATHS = NO;
				CLANG_ANALYZER_NONNULL = YES;
				CLANG_ANALYZER_NUMBER_OBJECT_CONVERSION = YES_AGGRESSIVE;
				CLANG_CXX_LANGUAGE_STANDARD = "gnu++20";
				CLANG_ENABLE_MODULES = YES;
				CLANG_ENABLE_OBJC_ARC = YES;
				CLANG_ENABLE_OBJC_WEAK = YES;
				CLANG_WARN_BLOCK_CAPTURE_AUTORELEASING = YES;
				CLANG_WARN_BOOL_CONVERSION = YES;
				CLANG_WARN_COMMA = YES;
				CLANG_WARN_CONSTANT_CONVERSION = YES;
				CLANG_WARN_DEPRECATED_OBJC_IMPLEMENTATIONS = YES;
				CLANG_WARN_DIRECT_OBJC_ISA_USAGE = YES_ERROR;
				CLANG_WARN_DOCUMENTATION_COMMENTS = YES;
				CLANG_WARN_EMPTY_BODY = YES;
				CLANG_WARN_ENUM_CONVERSION = YES;
				CLANG_WARN_INFINITE_RECURSION = YES;
				CLANG_WARN_INT_CONVERSION = YES;
				CLANG_WARN_NON_LITERAL_NULL_CONVERSION = YES;
				CLANG_WARN_OBJC_IMPLICIT_RETAIN_SELF = YES;
				CLANG_WARN_OBJC_LITERAL_CONVERSION = YES;
				CLANG_WARN_OBJC_ROOT_CLASS = YES_ERROR;
				CLANG_WARN_QUOTED_INCLUDE_IN_FRAMEWORK_HEADER = YES;
				CLANG_WARN_RANGE_LOOP_ANALYSIS = YES;
				CLANG_WARN_STRICT_PROTOTYPES = YES;
				CLANG_WARN_SUSPICIOUS_MOVE = YES;
				CLANG_WARN_UNGUARDED_AVAILABILITY = YES_AGGRESSIVE;
				CLANG_WARN_UNREACHABLE_CODE = YES;
				CLANG_WARN__DUPLICATE_METHOD_MATCH = YES;
				COPY_PHASE_STRIP = NO;
				DEBUG_INFORMATION_FORMAT = dwarf;
				ENABLE_STRICT_OBJC_MSGSEND = YES;
				ENABLE_TESTABILITY = YES;
				GCC_C_LANGUAGE_STANDARD = gnu11;
				GCC_DYNAMIC_NO_PIC = NO;
				GCC_NO_COMMON_BLOCKS = YES;
				GCC_OPTIMIZATION_LEVEL = 0;
				GCC_PREPROCESSOR_DEFINITIONS = (
					"DEBUG=1",
					"$(inherited)",
				);
				GCC_WARN_64_TO_32_BIT_CONVERSION = YES;
				GCC_WARN_ABOUT_RETURN_TYPE = YES_ERROR;
				GCC_WARN_UNDECLARED_SELECTOR = YES;
				GCC_WARN_UNINITIALIZED_AUTOS = YES_AGGRESSIVE;
				GCC_WARN_UNUSED_FUNCTION = YES;
				GCC_WARN_UNUSED_VARIABLE = YES;
				IPHONEOS_DEPLOYMENT_TARGET = 16.4;
				MTL_ENABLE_DEBUG_INFO = INCLUDE_SOURCE;
				MTL_FAST_MATH = YES;
				ONLY_ACTIVE_ARCH = YES;
				SDKROOT = iphoneos;
				SWIFT_ACTIVE_COMPILATION_CONDITIONS = DEBUG;
				SWIFT_OPTIMIZATION_LEVEL = "-Onone";
			};
			name = Debug;
		};
		1682D13D29DBE500005E3C60 /* Release */ = {
			isa = XCBuildConfiguration;
			buildSettings = {
				ALWAYS_SEARCH_USER_PATHS = NO;
				CLANG_ANALYZER_NONNULL = YES;
				CLANG_ANALYZER_NUMBER_OBJECT_CONVERSION = YES_AGGRESSIVE;
				CLANG_CXX_LANGUAGE_STANDARD = "gnu++20";
				CLANG_ENABLE_MODULES = YES;
				CLANG_ENABLE_OBJC_ARC = YES;
				CLANG_ENABLE_OBJC_WEAK = YES;
				CLANG_WARN_BLOCK_CAPTURE_AUTORELEASING = YES;
				CLANG_WARN_BOOL_CONVERSION = YES;
				CLANG_WARN_COMMA = YES;
				CLANG_WARN_CONSTANT_CONVERSION = YES;
				CLANG_WARN_DEPRECATED_OBJC_IMPLEMENTATIONS = YES;
				CLANG_WARN_DIRECT_OBJC_ISA_USAGE = YES_ERROR;
				CLANG_WARN_DOCUMENTATION_COMMENTS = YES;
				CLANG_WARN_EMPTY_BODY = YES;
				CLANG_WARN_ENUM_CONVERSION = YES;
				CLANG_WARN_INFINITE_RECURSION = YES;
				CLANG_WARN_INT_CONVERSION = YES;
				CLANG_WARN_NON_LITERAL_NULL_CONVERSION = YES;
				CLANG_WARN_OBJC_IMPLICIT_RETAIN_SELF = YES;
				CLANG_WARN_OBJC_LITERAL_CONVERSION = YES;
				CLANG_WARN_OBJC_ROOT_CLASS = YES_ERROR;
				CLANG_WARN_QUOTED_INCLUDE_IN_FRAMEWORK_HEADER = YES;
				CLANG_WARN_RANGE_LOOP_ANALYSIS = YES;
				CLANG_WARN_STRICT_PROTOTYPES = YES;
				CLANG_WARN_SUSPICIOUS_MOVE = YES;
				CLANG_WARN_UNGUARDED_AVAILABILITY = YES_AGGRESSIVE;
				CLANG_WARN_UNREACHABLE_CODE = YES;
				CLANG_WARN__DUPLICATE_METHOD_MATCH = YES;
				COPY_PHASE_STRIP = NO;
				DEBUG_INFORMATION_FORMAT = "dwarf-with-dsym";
				ENABLE_NS_ASSERTIONS = NO;
				ENABLE_STRICT_OBJC_MSGSEND = YES;
				GCC_C_LANGUAGE_STANDARD = gnu11;
				GCC_NO_COMMON_BLOCKS = YES;
				GCC_WARN_64_TO_32_BIT_CONVERSION = YES;
				GCC_WARN_ABOUT_RETURN_TYPE = YES_ERROR;
				GCC_WARN_UNDECLARED_SELECTOR = YES;
				GCC_WARN_UNINITIALIZED_AUTOS = YES_AGGRESSIVE;
				GCC_WARN_UNUSED_FUNCTION = YES;
				GCC_WARN_UNUSED_VARIABLE = YES;
				IPHONEOS_DEPLOYMENT_TARGET = 16.4;
				MTL_ENABLE_DEBUG_INFO = NO;
				MTL_FAST_MATH = YES;
				SDKROOT = iphoneos;
				SWIFT_COMPILATION_MODE = wholemodule;
				SWIFT_OPTIMIZATION_LEVEL = "-O";
				VALIDATE_PRODUCT = YES;
			};
			name = Release;
		};
		1682D13F29DBE500005E3C60 /* Debug */ = {
			isa = XCBuildConfiguration;
			buildSettings = {
				ASSETCATALOG_COMPILER_APPICON_NAME = AppIcon;
				ASSETCATALOG_COMPILER_GLOBAL_ACCENT_COLOR_NAME = AccentColor;
				CODE_SIGN_STYLE = Automatic;
				CURRENT_PROJECT_VERSION = 1;
				GENERATE_INFOPLIST_FILE = YES;
				INFOPLIST_FILE = pawnder/Info.plist;
				INFOPLIST_KEY_UIApplicationSupportsIndirectInputEvents = YES;
				INFOPLIST_KEY_UILaunchStoryboardName = LaunchScreen;
				INFOPLIST_KEY_UIMainStoryboardFile = Main;
				INFOPLIST_KEY_UISupportedInterfaceOrientations_iPad = "UIInterfaceOrientationPortrait UIInterfaceOrientationPortraitUpsideDown UIInterfaceOrientationLandscapeLeft UIInterfaceOrientationLandscapeRight";
				INFOPLIST_KEY_UISupportedInterfaceOrientations_iPhone = "UIInterfaceOrientationPortrait UIInterfaceOrientationLandscapeLeft UIInterfaceOrientationLandscapeRight";
				LD_RUNPATH_SEARCH_PATHS = (
					"$(inherited)",
					"@executable_path/Frameworks",
				);
				MARKETING_VERSION = 1.0;
				PRODUCT_BUNDLE_IDENTIFIER = ninia.pawnder;
				PRODUCT_NAME = "$(TARGET_NAME)";
				SWIFT_EMIT_LOC_STRINGS = YES;
				SWIFT_VERSION = 5.0;
				TARGETED_DEVICE_FAMILY = "1,2";
			};
			name = Debug;
		};
		1682D14029DBE500005E3C60 /* Release */ = {
			isa = XCBuildConfiguration;
			buildSettings = {
				ASSETCATALOG_COMPILER_APPICON_NAME = AppIcon;
				ASSETCATALOG_COMPILER_GLOBAL_ACCENT_COLOR_NAME = AccentColor;
				CODE_SIGN_STYLE = Automatic;
				CURRENT_PROJECT_VERSION = 1;
				GENERATE_INFOPLIST_FILE = YES;
				INFOPLIST_FILE = pawnder/Info.plist;
				INFOPLIST_KEY_UIApplicationSupportsIndirectInputEvents = YES;
				INFOPLIST_KEY_UILaunchStoryboardName = LaunchScreen;
				INFOPLIST_KEY_UIMainStoryboardFile = Main;
				INFOPLIST_KEY_UISupportedInterfaceOrientations_iPad = "UIInterfaceOrientationPortrait UIInterfaceOrientationPortraitUpsideDown UIInterfaceOrientationLandscapeLeft UIInterfaceOrientationLandscapeRight";
				INFOPLIST_KEY_UISupportedInterfaceOrientations_iPhone = "UIInterfaceOrientationPortrait UIInterfaceOrientationLandscapeLeft UIInterfaceOrientationLandscapeRight";
				LD_RUNPATH_SEARCH_PATHS = (
					"$(inherited)",
					"@executable_path/Frameworks",
				);
				MARKETING_VERSION = 1.0;
				PRODUCT_BUNDLE_IDENTIFIER = ninia.pawnder;
				PRODUCT_NAME = "$(TARGET_NAME)";
				SWIFT_EMIT_LOC_STRINGS = YES;
				SWIFT_VERSION = 5.0;
				TARGETED_DEVICE_FAMILY = "1,2";
			};
			name = Release;
		};
/* End XCBuildConfiguration section */

/* Begin XCConfigurationList section */
		1682D12529DBE4FE005E3C60 /* Build configuration list for PBXProject "pawnder" */ = {
			isa = XCConfigurationList;
			buildConfigurations = (
				1682D13C29DBE500005E3C60 /* Debug */,
				1682D13D29DBE500005E3C60 /* Release */,
			);
			defaultConfigurationIsVisible = 0;
			defaultConfigurationName = Release;
		};
		1682D13E29DBE500005E3C60 /* Build configuration list for PBXNativeTarget "pawnder" */ = {
			isa = XCConfigurationList;
			buildConfigurations = (
				1682D13F29DBE500005E3C60 /* Debug */,
				1682D14029DBE500005E3C60 /* Release */,
			);
			defaultConfigurationIsVisible = 0;
			defaultConfigurationName = Release;
		};
/* End XCConfigurationList section */
	};
	rootObject = 1682D12229DBE4FE005E3C60 /* Project object */;
}
